// !$*UTF8*$!
{
	archiveVersion = 1;
	classes = {
	};
	objectVersion = 46;
	objects = {

/* Begin PBXBuildFile section */
		240E4DB81BB4858800E0FBAE /* Images.xcassets in Resources */ = {isa = PBXBuildFile; fileRef = 240E4DB71BB4858800E0FBAE /* Images.xcassets */; };
		240E4DBB1BB4858800E0FBAE /* LaunchScreen.xib in Resources */ = {isa = PBXBuildFile; fileRef = 240E4DB91BB4858800E0FBAE /* LaunchScreen.xib */; };
		240E4DC71BB4858800E0FBAE /* ChePohavatTests.m in Sources */ = {isa = PBXBuildFile; fileRef = 240E4DC61BB4858800E0FBAE /* ChePohavatTests.m */; };
		240E4DD31BB4881C00E0FBAE /* che.png in Resources */ = {isa = PBXBuildFile; fileRef = 240E4DD11BB4881C00E0FBAE /* che.png */; };
		240E4DD41BB4881C00E0FBAE /* Без названия.tiff in Resources */ = {isa = PBXBuildFile; fileRef = 240E4DD21BB4881C00E0FBAE /* Без названия.tiff */; };
		240E4DD61BB4896F00E0FBAE /* background.png in Resources */ = {isa = PBXBuildFile; fileRef = 240E4DD51BB4896F00E0FBAE /* background.png */; };
		240E4DE41BB48EE100E0FBAE /* FriendsViewController.m in Sources */ = {isa = PBXBuildFile; fileRef = 240E4DD91BB48EE100E0FBAE /* FriendsViewController.m */; };
		240E4DE51BB48EE100E0FBAE /* HomeViewController.m in Sources */ = {isa = PBXBuildFile; fileRef = 240E4DDB1BB48EE100E0FBAE /* HomeViewController.m */; };
		240E4DE61BB48EE100E0FBAE /* LeftMenuViewController.m in Sources */ = {isa = PBXBuildFile; fileRef = 240E4DDD1BB48EE100E0FBAE /* LeftMenuViewController.m */; };
		240E4DE71BB48EE100E0FBAE /* ProfileDetailViewController.m in Sources */ = {isa = PBXBuildFile; fileRef = 240E4DDF1BB48EE100E0FBAE /* ProfileDetailViewController.m */; };
		240E4DE81BB48EE100E0FBAE /* ProfileViewController.m in Sources */ = {isa = PBXBuildFile; fileRef = 240E4DE11BB48EE100E0FBAE /* ProfileViewController.m */; };
		240E4DE91BB48EE100E0FBAE /* RightMenuViewController.m in Sources */ = {isa = PBXBuildFile; fileRef = 240E4DE31BB48EE100E0FBAE /* RightMenuViewController.m */; };
		240E4DEE1BB48F5000E0FBAE /* animation.png in Resources */ = {isa = PBXBuildFile; fileRef = 240E4DEA1BB48F5000E0FBAE /* animation.png */; };
		240E4DEF1BB48F5000E0FBAE /* gear.png in Resources */ = {isa = PBXBuildFile; fileRef = 240E4DEB1BB48F5000E0FBAE /* gear.png */; };
		240E4DF01BB48F5000E0FBAE /* leftMenu.jpg in Resources */ = {isa = PBXBuildFile; fileRef = 240E4DEC1BB48F5000E0FBAE /* leftMenu.jpg */; };
		240E4DF11BB48F5000E0FBAE /* rightMenu.jpg in Resources */ = {isa = PBXBuildFile; fileRef = 240E4DED1BB48F5000E0FBAE /* rightMenu.jpg */; };
		240E4E041BB48F7500E0FBAE /* SlideNavigationContorllerAnimatorFade.m in Sources */ = {isa = PBXBuildFile; fileRef = 240E4DF61BB48F7500E0FBAE /* SlideNavigationContorllerAnimatorFade.m */; };
		240E4E051BB48F7500E0FBAE /* SlideNavigationContorllerAnimatorScale.m in Sources */ = {isa = PBXBuildFile; fileRef = 240E4DF81BB48F7500E0FBAE /* SlideNavigationContorllerAnimatorScale.m */; };
		240E4E061BB48F7500E0FBAE /* SlideNavigationContorllerAnimatorScaleAndFade.m in Sources */ = {isa = PBXBuildFile; fileRef = 240E4DFA1BB48F7500E0FBAE /* SlideNavigationContorllerAnimatorScaleAndFade.m */; };
		240E4E071BB48F7500E0FBAE /* SlideNavigationContorllerAnimatorSlide.m in Sources */ = {isa = PBXBuildFile; fileRef = 240E4DFC1BB48F7500E0FBAE /* SlideNavigationContorllerAnimatorSlide.m */; };
		240E4E081BB48F7500E0FBAE /* SlideNavigationContorllerAnimatorSlideAndFade.m in Sources */ = {isa = PBXBuildFile; fileRef = 240E4DFE1BB48F7500E0FBAE /* SlideNavigationContorllerAnimatorSlideAndFade.m */; };
		240E4E091BB48F7500E0FBAE /* menu-button.png in Resources */ = {isa = PBXBuildFile; fileRef = 240E4E001BB48F7500E0FBAE /* menu-button.png */; };
		240E4E0A1BB48F7500E0FBAE /* menu-button@2x.png in Resources */ = {isa = PBXBuildFile; fileRef = 240E4E011BB48F7500E0FBAE /* menu-button@2x.png */; };
		240E4E0B1BB48F7500E0FBAE /* SlideNavigationController.m in Sources */ = {isa = PBXBuildFile; fileRef = 240E4E031BB48F7500E0FBAE /* SlideNavigationController.m */; };
		24929B9C1BB494EB00857E0D /* AppDelegate.m in Sources */ = {isa = PBXBuildFile; fileRef = 24929B9B1BB494EB00857E0D /* AppDelegate.m */; };
		24929BA01BB4950400857E0D /* Default-568h@2x.png in Resources */ = {isa = PBXBuildFile; fileRef = 24929B9D1BB4950400857E0D /* Default-568h@2x.png */; };
		24929BA11BB4950400857E0D /* Default.png in Resources */ = {isa = PBXBuildFile; fileRef = 24929B9E1BB4950400857E0D /* Default.png */; };
		24929BA21BB4950400857E0D /* Default@2x.png in Resources */ = {isa = PBXBuildFile; fileRef = 24929B9F1BB4950400857E0D /* Default@2x.png */; };
		24929BA61BB4952900857E0D /* main.m in Sources */ = {isa = PBXBuildFile; fileRef = 24929BA41BB4952900857E0D /* main.m */; };
		24929BA71BB4952900857E0D /* SlideMenu-Info.plist in Resources */ = {isa = PBXBuildFile; fileRef = 24929BA51BB4952900857E0D /* SlideMenu-Info.plist */; };
		24929BAC1BB4955E00857E0D /* InfoPlist.strings in Resources */ = {isa = PBXBuildFile; fileRef = 24929BA91BB4955E00857E0D /* InfoPlist.strings */; };
		24929BAD1BB4955E00857E0D /* MainStoryboard_iPad.storyboard in Resources */ = {isa = PBXBuildFile; fileRef = 24929BAA1BB4955E00857E0D /* MainStoryboard_iPad.storyboard */; };
		24929BAE1BB4955E00857E0D /* MainStoryboard_iPhone.storyboard in Resources */ = {isa = PBXBuildFile; fileRef = 24929BAB1BB4955E00857E0D /* MainStoryboard_iPhone.storyboard */; };
		24929BB11BB4B01500857E0D /* NSLeftMenuCell.m in Sources */ = {isa = PBXBuildFile; fileRef = 24929BB01BB4B01500857E0D /* NSLeftMenuCell.m */; };
		24929BB31BB4B12C00857E0D /* sortirovka.png in Resources */ = {isa = PBXBuildFile; fileRef = 24929BB21BB4B12C00857E0D /* sortirovka.png */; };
		24929BB81BB4B7AC00857E0D /* LeftMenuCell.xib in Resources */ = {isa = PBXBuildFile; fileRef = 24929BB71BB4B7AC00857E0D /* LeftMenuCell.xib */; };
		24929BBA1BB4B99900857E0D /* profile.png in Resources */ = {isa = PBXBuildFile; fileRef = 24929BB91BB4B99900857E0D /* profile.png */; };
		24929BBC1BB4BA1700857E0D /* settings.png in Resources */ = {isa = PBXBuildFile; fileRef = 24929BBB1BB4BA1700857E0D /* settings.png */; };
		24929BBE1BB4BA6300857E0D /* favorites.png in Resources */ = {isa = PBXBuildFile; fileRef = 24929BBD1BB4BA6300857E0D /* favorites.png */; };
		24929BC01BB4BB0800857E0D /* Home.png in Resources */ = {isa = PBXBuildFile; fileRef = 24929BBF1BB4BB0800857E0D /* Home.png */; };
		24929BC21BB4BD2200857E0D /* photo.jpeg in Resources */ = {isa = PBXBuildFile; fileRef = 24929BC11BB4BD2200857E0D /* photo.jpeg */; };
/* End PBXBuildFile section */

/* Begin PBXContainerItemProxy section */
		240E4DC11BB4858800E0FBAE /* PBXContainerItemProxy */ = {
			isa = PBXContainerItemProxy;
			containerPortal = 240E4D9F1BB4858800E0FBAE /* Project object */;
			proxyType = 1;
			remoteGlobalIDString = 240E4DA61BB4858800E0FBAE;
			remoteInfo = ChePohavat;
		};
/* End PBXContainerItemProxy section */

/* Begin PBXFileReference section */
		240E4DA71BB4858800E0FBAE /* ChePohavat.app */ = {isa = PBXFileReference; explicitFileType = wrapper.application; includeInIndex = 0; path = ChePohavat.app; sourceTree = BUILT_PRODUCTS_DIR; };
		240E4DB71BB4858800E0FBAE /* Images.xcassets */ = {isa = PBXFileReference; lastKnownFileType = folder.assetcatalog; path = Images.xcassets; sourceTree = "<group>"; };
		240E4DBA1BB4858800E0FBAE /* Base */ = {isa = PBXFileReference; lastKnownFileType = file.xib; name = Base; path = Base.lproj/LaunchScreen.xib; sourceTree = "<group>"; };
		240E4DC01BB4858800E0FBAE /* ChePohavatTests.xctest */ = {isa = PBXFileReference; explicitFileType = wrapper.cfbundle; includeInIndex = 0; path = ChePohavatTests.xctest; sourceTree = BUILT_PRODUCTS_DIR; };
		240E4DC51BB4858800E0FBAE /* Info.plist */ = {isa = PBXFileReference; lastKnownFileType = text.plist.xml; path = Info.plist; sourceTree = "<group>"; };
		240E4DC61BB4858800E0FBAE /* ChePohavatTests.m */ = {isa = PBXFileReference; lastKnownFileType = sourcecode.c.objc; path = ChePohavatTests.m; sourceTree = "<group>"; };
		240E4DD11BB4881C00E0FBAE /* che.png */ = {isa = PBXFileReference; lastKnownFileType = image.png; path = che.png; sourceTree = "<group>"; };
		240E4DD21BB4881C00E0FBAE /* Без названия.tiff */ = {isa = PBXFileReference; lastKnownFileType = image.tiff; path = "Без названия.tiff"; sourceTree = "<group>"; };
		240E4DD51BB4896F00E0FBAE /* background.png */ = {isa = PBXFileReference; lastKnownFileType = image.png; path = background.png; sourceTree = "<group>"; };
		240E4DD81BB48EE100E0FBAE /* FriendsViewController.h */ = {isa = PBXFileReference; fileEncoding = 4; lastKnownFileType = sourcecode.c.h; path = FriendsViewController.h; sourceTree = "<group>"; };
		240E4DD91BB48EE100E0FBAE /* FriendsViewController.m */ = {isa = PBXFileReference; fileEncoding = 4; lastKnownFileType = sourcecode.c.objc; path = FriendsViewController.m; sourceTree = "<group>"; };
		240E4DDA1BB48EE100E0FBAE /* HomeViewController.h */ = {isa = PBXFileReference; fileEncoding = 4; lastKnownFileType = sourcecode.c.h; path = HomeViewController.h; sourceTree = "<group>"; };
		240E4DDB1BB48EE100E0FBAE /* HomeViewController.m */ = {isa = PBXFileReference; fileEncoding = 4; lastKnownFileType = sourcecode.c.objc; path = HomeViewController.m; sourceTree = "<group>"; };
		240E4DDC1BB48EE100E0FBAE /* LeftMenuViewController.h */ = {isa = PBXFileReference; fileEncoding = 4; lastKnownFileType = sourcecode.c.h; path = LeftMenuViewController.h; sourceTree = "<group>"; };
		240E4DDD1BB48EE100E0FBAE /* LeftMenuViewController.m */ = {isa = PBXFileReference; fileEncoding = 4; lastKnownFileType = sourcecode.c.objc; path = LeftMenuViewController.m; sourceTree = "<group>"; };
		240E4DDE1BB48EE100E0FBAE /* ProfileDetailViewController.h */ = {isa = PBXFileReference; fileEncoding = 4; lastKnownFileType = sourcecode.c.h; path = ProfileDetailViewController.h; sourceTree = "<group>"; };
		240E4DDF1BB48EE100E0FBAE /* ProfileDetailViewController.m */ = {isa = PBXFileReference; fileEncoding = 4; lastKnownFileType = sourcecode.c.objc; path = ProfileDetailViewController.m; sourceTree = "<group>"; };
		240E4DE01BB48EE100E0FBAE /* ProfileViewController.h */ = {isa = PBXFileReference; fileEncoding = 4; lastKnownFileType = sourcecode.c.h; path = ProfileViewController.h; sourceTree = "<group>"; };
		240E4DE11BB48EE100E0FBAE /* ProfileViewController.m */ = {isa = PBXFileReference; fileEncoding = 4; lastKnownFileType = sourcecode.c.objc; path = ProfileViewController.m; sourceTree = "<group>"; };
		240E4DE21BB48EE100E0FBAE /* RightMenuViewController.h */ = {isa = PBXFileReference; fileEncoding = 4; lastKnownFileType = sourcecode.c.h; path = RightMenuViewController.h; sourceTree = "<group>"; };
		240E4DE31BB48EE100E0FBAE /* RightMenuViewController.m */ = {isa = PBXFileReference; fileEncoding = 4; lastKnownFileType = sourcecode.c.objc; path = RightMenuViewController.m; sourceTree = "<group>"; };
		240E4DEA1BB48F5000E0FBAE /* animation.png */ = {isa = PBXFileReference; lastKnownFileType = image.png; path = animation.png; sourceTree = "<group>"; };
		240E4DEB1BB48F5000E0FBAE /* gear.png */ = {isa = PBXFileReference; lastKnownFileType = image.png; path = gear.png; sourceTree = "<group>"; };
		240E4DEC1BB48F5000E0FBAE /* leftMenu.jpg */ = {isa = PBXFileReference; lastKnownFileType = image.jpeg; path = leftMenu.jpg; sourceTree = "<group>"; };
		240E4DED1BB48F5000E0FBAE /* rightMenu.jpg */ = {isa = PBXFileReference; lastKnownFileType = image.jpeg; path = rightMenu.jpg; sourceTree = "<group>"; };
		240E4DF41BB48F7500E0FBAE /* SlideNavigationContorllerAnimator.h */ = {isa = PBXFileReference; fileEncoding = 4; lastKnownFileType = sourcecode.c.h; path = SlideNavigationContorllerAnimator.h; sourceTree = "<group>"; };
		240E4DF51BB48F7500E0FBAE /* SlideNavigationContorllerAnimatorFade.h */ = {isa = PBXFileReference; fileEncoding = 4; lastKnownFileType = sourcecode.c.h; path = SlideNavigationContorllerAnimatorFade.h; sourceTree = "<group>"; };
		240E4DF61BB48F7500E0FBAE /* SlideNavigationContorllerAnimatorFade.m */ = {isa = PBXFileReference; fileEncoding = 4; lastKnownFileType = sourcecode.c.objc; path = SlideNavigationContorllerAnimatorFade.m; sourceTree = "<group>"; };
		240E4DF71BB48F7500E0FBAE /* SlideNavigationContorllerAnimatorScale.h */ = {isa = PBXFileReference; fileEncoding = 4; lastKnownFileType = sourcecode.c.h; path = SlideNavigationContorllerAnimatorScale.h; sourceTree = "<group>"; };
		240E4DF81BB48F7500E0FBAE /* SlideNavigationContorllerAnimatorScale.m */ = {isa = PBXFileReference; fileEncoding = 4; lastKnownFileType = sourcecode.c.objc; path = SlideNavigationContorllerAnimatorScale.m; sourceTree = "<group>"; };
		240E4DF91BB48F7500E0FBAE /* SlideNavigationContorllerAnimatorScaleAndFade.h */ = {isa = PBXFileReference; fileEncoding = 4; lastKnownFileType = sourcecode.c.h; path = SlideNavigationContorllerAnimatorScaleAndFade.h; sourceTree = "<group>"; };
		240E4DFA1BB48F7500E0FBAE /* SlideNavigationContorllerAnimatorScaleAndFade.m */ = {isa = PBXFileReference; fileEncoding = 4; lastKnownFileType = sourcecode.c.objc; path = SlideNavigationContorllerAnimatorScaleAndFade.m; sourceTree = "<group>"; };
		240E4DFB1BB48F7500E0FBAE /* SlideNavigationContorllerAnimatorSlide.h */ = {isa = PBXFileReference; fileEncoding = 4; lastKnownFileType = sourcecode.c.h; path = SlideNavigationContorllerAnimatorSlide.h; sourceTree = "<group>"; };
		240E4DFC1BB48F7500E0FBAE /* SlideNavigationContorllerAnimatorSlide.m */ = {isa = PBXFileReference; fileEncoding = 4; lastKnownFileType = sourcecode.c.objc; path = SlideNavigationContorllerAnimatorSlide.m; sourceTree = "<group>"; };
		240E4DFD1BB48F7500E0FBAE /* SlideNavigationContorllerAnimatorSlideAndFade.h */ = {isa = PBXFileReference; fileEncoding = 4; lastKnownFileType = sourcecode.c.h; path = SlideNavigationContorllerAnimatorSlideAndFade.h; sourceTree = "<group>"; };
		240E4DFE1BB48F7500E0FBAE /* SlideNavigationContorllerAnimatorSlideAndFade.m */ = {isa = PBXFileReference; fileEncoding = 4; lastKnownFileType = sourcecode.c.objc; path = SlideNavigationContorllerAnimatorSlideAndFade.m; sourceTree = "<group>"; };
		240E4E001BB48F7500E0FBAE /* menu-button.png */ = {isa = PBXFileReference; lastKnownFileType = image.png; path = "menu-button.png"; sourceTree = "<group>"; };
		240E4E011BB48F7500E0FBAE /* menu-button@2x.png */ = {isa = PBXFileReference; lastKnownFileType = image.png; path = "menu-button@2x.png"; sourceTree = "<group>"; };
		240E4E021BB48F7500E0FBAE /* SlideNavigationController.h */ = {isa = PBXFileReference; fileEncoding = 4; lastKnownFileType = sourcecode.c.h; path = SlideNavigationController.h; sourceTree = "<group>"; };
		240E4E031BB48F7500E0FBAE /* SlideNavigationController.m */ = {isa = PBXFileReference; fileEncoding = 4; lastKnownFileType = sourcecode.c.objc; path = SlideNavigationController.m; sourceTree = "<group>"; };
		24929B9A1BB494EB00857E0D /* AppDelegate.h */ = {isa = PBXFileReference; fileEncoding = 4; lastKnownFileType = sourcecode.c.h; path = AppDelegate.h; sourceTree = "<group>"; };
		24929B9B1BB494EB00857E0D /* AppDelegate.m */ = {isa = PBXFileReference; fileEncoding = 4; lastKnownFileType = sourcecode.c.objc; path = AppDelegate.m; sourceTree = "<group>"; };
		24929B9D1BB4950400857E0D /* Default-568h@2x.png */ = {isa = PBXFileReference; lastKnownFileType = image.png; name = "Default-568h@2x.png"; path = "../Default-568h@2x.png"; sourceTree = "<group>"; };
		24929B9E1BB4950400857E0D /* Default.png */ = {isa = PBXFileReference; lastKnownFileType = image.png; name = Default.png; path = ../Default.png; sourceTree = "<group>"; };
		24929B9F1BB4950400857E0D /* Default@2x.png */ = {isa = PBXFileReference; lastKnownFileType = image.png; name = "Default@2x.png"; path = "../Default@2x.png"; sourceTree = "<group>"; };
		24929BA31BB4950D00857E0D /* SlideMenu-Prefix.pch */ = {isa = PBXFileReference; lastKnownFileType = sourcecode.c.h; path = "SlideMenu-Prefix.pch"; sourceTree = "<group>"; };
		24929BA41BB4952900857E0D /* main.m */ = {isa = PBXFileReference; fileEncoding = 4; lastKnownFileType = sourcecode.c.objc; path = main.m; sourceTree = "<group>"; };
		24929BA51BB4952900857E0D /* SlideMenu-Info.plist */ = {isa = PBXFileReference; fileEncoding = 4; lastKnownFileType = text.plist.xml; path = "SlideMenu-Info.plist"; sourceTree = "<group>"; };
		24929BA91BB4955E00857E0D /* InfoPlist.strings */ = {isa = PBXFileReference; fileEncoding = 4; lastKnownFileType = text.plist.strings; path = InfoPlist.strings; sourceTree = "<group>"; };
		24929BAA1BB4955E00857E0D /* MainStoryboard_iPad.storyboard */ = {isa = PBXFileReference; fileEncoding = 4; lastKnownFileType = file.storyboard; path = MainStoryboard_iPad.storyboard; sourceTree = "<group>"; };
		24929BAB1BB4955E00857E0D /* MainStoryboard_iPhone.storyboard */ = {isa = PBXFileReference; fileEncoding = 4; lastKnownFileType = file.storyboard; path = MainStoryboard_iPhone.storyboard; sourceTree = "<group>"; };
		24929BAF1BB4B01500857E0D /* NSLeftMenuCell.h */ = {isa = PBXFileReference; fileEncoding = 4; lastKnownFileType = sourcecode.c.h; name = NSLeftMenuCell.h; path = ../../NSLeftMenuCell.h; sourceTree = "<group>"; };
		24929BB01BB4B01500857E0D /* NSLeftMenuCell.m */ = {isa = PBXFileReference; fileEncoding = 4; lastKnownFileType = sourcecode.c.objc; name = NSLeftMenuCell.m; path = ../../NSLeftMenuCell.m; sourceTree = "<group>"; };
		24929BB21BB4B12C00857E0D /* sortirovka.png */ = {isa = PBXFileReference; lastKnownFileType = image.png; name = sortirovka.png; path = ../Images/sortirovka.png; sourceTree = "<group>"; };
		24929BB71BB4B7AC00857E0D /* LeftMenuCell.xib */ = {isa = PBXFileReference; fileEncoding = 4; lastKnownFileType = file.xib; path = LeftMenuCell.xib; sourceTree = "<group>"; };
		24929BB91BB4B99900857E0D /* profile.png */ = {isa = PBXFileReference; lastKnownFileType = image.png; path = profile.png; sourceTree = "<group>"; };
		24929BBB1BB4BA1700857E0D /* settings.png */ = {isa = PBXFileReference; lastKnownFileType = image.png; path = settings.png; sourceTree = "<group>"; };
		24929BBD1BB4BA6300857E0D /* favorites.png */ = {isa = PBXFileReference; lastKnownFileType = image.png; path = favorites.png; sourceTree = "<group>"; };
		24929BBF1BB4BB0800857E0D /* Home.png */ = {isa = PBXFileReference; lastKnownFileType = image.png; path = Home.png; sourceTree = "<group>"; };
		24929BC11BB4BD2200857E0D /* photo.jpeg */ = {isa = PBXFileReference; lastKnownFileType = image.jpeg; path = photo.jpeg; sourceTree = "<group>"; };
/* End PBXFileReference section */

/* Begin PBXFrameworksBuildPhase section */
		240E4DA41BB4858800E0FBAE /* Frameworks */ = {
			isa = PBXFrameworksBuildPhase;
			buildActionMask = 2147483647;
			files = (
			);
			runOnlyForDeploymentPostprocessing = 0;
		};
		240E4DBD1BB4858800E0FBAE /* Frameworks */ = {
			isa = PBXFrameworksBuildPhase;
			buildActionMask = 2147483647;
			files = (
			);
			runOnlyForDeploymentPostprocessing = 0;
		};
/* End PBXFrameworksBuildPhase section */

/* Begin PBXGroup section */
		240E4D9E1BB4858800E0FBAE = {
			isa = PBXGroup;
			children = (
				240E4DA91BB4858800E0FBAE /* ChePohavat */,
				240E4DC31BB4858800E0FBAE /* ChePohavatTests */,
				240E4DA81BB4858800E0FBAE /* Products */,
			);
			sourceTree = "<group>";
		};
		240E4DA81BB4858800E0FBAE /* Products */ = {
			isa = PBXGroup;
			children = (
				240E4DA71BB4858800E0FBAE /* ChePohavat.app */,
				240E4DC01BB4858800E0FBAE /* ChePohavatTests.xctest */,
			);
			name = Products;
			sourceTree = "<group>";
		};
		240E4DA91BB4858800E0FBAE /* ChePohavat */ = {
			isa = PBXGroup;
			children = (
				24929BA91BB4955E00857E0D /* InfoPlist.strings */,
				24929BAA1BB4955E00857E0D /* MainStoryboard_iPad.storyboard */,
				24929BAB1BB4955E00857E0D /* MainStoryboard_iPhone.storyboard */,
				24929BB71BB4B7AC00857E0D /* LeftMenuCell.xib */,
				240E4DF21BB48F7500E0FBAE /* Source */,
				240E4DD71BB48EE100E0FBAE /* Helper Classes */,
				240E4DD01BB4881C00E0FBAE /* Images */,
				240E4DB71BB4858800E0FBAE /* Images.xcassets */,
				24929BA81BB4953700857E0D /* main */,
				24929BA41BB4952900857E0D /* main.m */,
				24929BA51BB4952900857E0D /* SlideMenu-Info.plist */,
				240E4DB91BB4858800E0FBAE /* LaunchScreen.xib */,
				240E4DAA1BB4858800E0FBAE /* Supporting Files */,
			);
			path = ChePohavat;
			sourceTree = "<group>";
		};
		240E4DAA1BB4858800E0FBAE /* Supporting Files */ = {
			isa = PBXGroup;
			children = (
			);
			name = "Supporting Files";
			sourceTree = "<group>";
		};
		240E4DC31BB4858800E0FBAE /* ChePohavatTests */ = {
			isa = PBXGroup;
			children = (
				240E4DC61BB4858800E0FBAE /* ChePohavatTests.m */,
				240E4DC41BB4858800E0FBAE /* Supporting Files */,
			);
			path = ChePohavatTests;
			sourceTree = "<group>";
		};
		240E4DC41BB4858800E0FBAE /* Supporting Files */ = {
			isa = PBXGroup;
			children = (
				240E4DC51BB4858800E0FBAE /* Info.plist */,
			);
			name = "Supporting Files";
			sourceTree = "<group>";
		};
		240E4DD01BB4881C00E0FBAE /* Images */ = {
			isa = PBXGroup;
			children = (
				24929B9D1BB4950400857E0D /* Default-568h@2x.png */,
				24929B9E1BB4950400857E0D /* Default.png */,
				24929B9F1BB4950400857E0D /* Default@2x.png */,
				240E4DEA1BB48F5000E0FBAE /* animation.png */,
				240E4DEB1BB48F5000E0FBAE /* gear.png */,
				240E4DEC1BB48F5000E0FBAE /* leftMenu.jpg */,
				240E4DED1BB48F5000E0FBAE /* rightMenu.jpg */,
				240E4DD11BB4881C00E0FBAE /* che.png */,
				240E4DD51BB4896F00E0FBAE /* background.png */,
				240E4DD21BB4881C00E0FBAE /* Без названия.tiff */,
			);
			path = Images;
			sourceTree = "<group>";
		};
		240E4DD71BB48EE100E0FBAE /* Helper Classes */ = {
			isa = PBXGroup;
			children = (
				24929BAF1BB4B01500857E0D /* NSLeftMenuCell.h */,
				24929BB01BB4B01500857E0D /* NSLeftMenuCell.m */,
				240E4DD81BB48EE100E0FBAE /* FriendsViewController.h */,
				240E4DD91BB48EE100E0FBAE /* FriendsViewController.m */,
				240E4DDA1BB48EE100E0FBAE /* HomeViewController.h */,
				240E4DDB1BB48EE100E0FBAE /* HomeViewController.m */,
				240E4DDC1BB48EE100E0FBAE /* LeftMenuViewController.h */,
				240E4DDD1BB48EE100E0FBAE /* LeftMenuViewController.m */,
				240E4DDE1BB48EE100E0FBAE /* ProfileDetailViewController.h */,
				240E4DDF1BB48EE100E0FBAE /* ProfileDetailViewController.m */,
				240E4DE01BB48EE100E0FBAE /* ProfileViewController.h */,
				240E4DE11BB48EE100E0FBAE /* ProfileViewController.m */,
				240E4DE21BB48EE100E0FBAE /* RightMenuViewController.h */,
				240E4DE31BB48EE100E0FBAE /* RightMenuViewController.m */,
				24929BB41BB4B13400857E0D /* LeftMenuImage */,
			);
			path = "Helper Classes";
			sourceTree = "<group>";
		};
		240E4DF21BB48F7500E0FBAE /* Source */ = {
			isa = PBXGroup;
			children = (
				24929B9A1BB494EB00857E0D /* AppDelegate.h */,
				24929B9B1BB494EB00857E0D /* AppDelegate.m */,
				240E4DF31BB48F7500E0FBAE /* Animations */,
				240E4DFF1BB48F7500E0FBAE /* Assets */,
				240E4E021BB48F7500E0FBAE /* SlideNavigationController.h */,
				240E4E031BB48F7500E0FBAE /* SlideNavigationController.m */,
			);
			path = Source;
			sourceTree = "<group>";
		};
		240E4DF31BB48F7500E0FBAE /* Animations */ = {
			isa = PBXGroup;
			children = (
				240E4DF41BB48F7500E0FBAE /* SlideNavigationContorllerAnimator.h */,
				240E4DF51BB48F7500E0FBAE /* SlideNavigationContorllerAnimatorFade.h */,
				240E4DF61BB48F7500E0FBAE /* SlideNavigationContorllerAnimatorFade.m */,
				240E4DF71BB48F7500E0FBAE /* SlideNavigationContorllerAnimatorScale.h */,
				240E4DF81BB48F7500E0FBAE /* SlideNavigationContorllerAnimatorScale.m */,
				240E4DF91BB48F7500E0FBAE /* SlideNavigationContorllerAnimatorScaleAndFade.h */,
				240E4DFA1BB48F7500E0FBAE /* SlideNavigationContorllerAnimatorScaleAndFade.m */,
				240E4DFB1BB48F7500E0FBAE /* SlideNavigationContorllerAnimatorSlide.h */,
				240E4DFC1BB48F7500E0FBAE /* SlideNavigationContorllerAnimatorSlide.m */,
				240E4DFD1BB48F7500E0FBAE /* SlideNavigationContorllerAnimatorSlideAndFade.h */,
				240E4DFE1BB48F7500E0FBAE /* SlideNavigationContorllerAnimatorSlideAndFade.m */,
			);
			path = Animations;
			sourceTree = "<group>";
		};
		240E4DFF1BB48F7500E0FBAE /* Assets */ = {
			isa = PBXGroup;
			children = (
				240E4E001BB48F7500E0FBAE /* menu-button.png */,
				240E4E011BB48F7500E0FBAE /* menu-button@2x.png */,
			);
			path = Assets;
			sourceTree = "<group>";
		};
		24929BA81BB4953700857E0D /* main */ = {
			isa = PBXGroup;
			children = (
				24929BA31BB4950D00857E0D /* SlideMenu-Prefix.pch */,
			);
			name = main;
			sourceTree = "<group>";
		};
		24929BB41BB4B13400857E0D /* LeftMenuImage */ = {
			isa = PBXGroup;
			children = (
				24929BC11BB4BD2200857E0D /* photo.jpeg */,
				24929BB21BB4B12C00857E0D /* sortirovka.png */,
				24929BB91BB4B99900857E0D /* profile.png */,
				24929BBD1BB4BA6300857E0D /* favorites.png */,
				24929BBF1BB4BB0800857E0D /* Home.png */,
				24929BBB1BB4BA1700857E0D /* settings.png */,
			);
			name = LeftMenuImage;
			sourceTree = "<group>";
		};
/* End PBXGroup section */

/* Begin PBXNativeTarget section */
		240E4DA61BB4858800E0FBAE /* ChePohavat */ = {
			isa = PBXNativeTarget;
			buildConfigurationList = 240E4DCA1BB4858800E0FBAE /* Build configuration list for PBXNativeTarget "ChePohavat" */;
			buildPhases = (
				240E4DA31BB4858800E0FBAE /* Sources */,
				240E4DA41BB4858800E0FBAE /* Frameworks */,
				240E4DA51BB4858800E0FBAE /* Resources */,
			);
			buildRules = (
			);
			dependencies = (
			);
			name = ChePohavat;
			productName = ChePohavat;
			productReference = 240E4DA71BB4858800E0FBAE /* ChePohavat.app */;
			productType = "com.apple.product-type.application";
		};
		240E4DBF1BB4858800E0FBAE /* ChePohavatTests */ = {
			isa = PBXNativeTarget;
			buildConfigurationList = 240E4DCD1BB4858800E0FBAE /* Build configuration list for PBXNativeTarget "ChePohavatTests" */;
			buildPhases = (
				240E4DBC1BB4858800E0FBAE /* Sources */,
				240E4DBD1BB4858800E0FBAE /* Frameworks */,
				240E4DBE1BB4858800E0FBAE /* Resources */,
			);
			buildRules = (
			);
			dependencies = (
				240E4DC21BB4858800E0FBAE /* PBXTargetDependency */,
			);
			name = ChePohavatTests;
			productName = ChePohavatTests;
			productReference = 240E4DC01BB4858800E0FBAE /* ChePohavatTests.xctest */;
			productType = "com.apple.product-type.bundle.unit-test";
		};
/* End PBXNativeTarget section */

/* Begin PBXProject section */
		240E4D9F1BB4858800E0FBAE /* Project object */ = {
			isa = PBXProject;
			attributes = {
				LastUpgradeCheck = 0630;
				ORGANIZATIONNAME = Nik;
				TargetAttributes = {
					240E4DA61BB4858800E0FBAE = {
						CreatedOnToolsVersion = 6.3.2;
					};
					240E4DBF1BB4858800E0FBAE = {
						CreatedOnToolsVersion = 6.3.2;
						TestTargetID = 240E4DA61BB4858800E0FBAE;
					};
				};
			};
			buildConfigurationList = 240E4DA21BB4858800E0FBAE /* Build configuration list for PBXProject "ChePohavat" */;
			compatibilityVersion = "Xcode 3.2";
			developmentRegion = English;
			hasScannedForEncodings = 0;
			knownRegions = (
				en,
				Base,
			);
			mainGroup = 240E4D9E1BB4858800E0FBAE;
			productRefGroup = 240E4DA81BB4858800E0FBAE /* Products */;
			projectDirPath = "";
			projectRoot = "";
			targets = (
				240E4DA61BB4858800E0FBAE /* ChePohavat */,
				240E4DBF1BB4858800E0FBAE /* ChePohavatTests */,
			);
		};
/* End PBXProject section */

/* Begin PBXResourcesBuildPhase section */
		240E4DA51BB4858800E0FBAE /* Resources */ = {
			isa = PBXResourcesBuildPhase;
			buildActionMask = 2147483647;
			files = (
				240E4DD61BB4896F00E0FBAE /* background.png in Resources */,
				24929BB81BB4B7AC00857E0D /* LeftMenuCell.xib in Resources */,
				24929BAC1BB4955E00857E0D /* InfoPlist.strings in Resources */,
				240E4DEF1BB48F5000E0FBAE /* gear.png in Resources */,
				240E4DF01BB48F5000E0FBAE /* leftMenu.jpg in Resources */,
				240E4DBB1BB4858800E0FBAE /* LaunchScreen.xib in Resources */,
				240E4E0A1BB48F7500E0FBAE /* menu-button@2x.png in Resources */,
				24929BC21BB4BD2200857E0D /* photo.jpeg in Resources */,
				24929BAE1BB4955E00857E0D /* MainStoryboard_iPhone.storyboard in Resources */,
				24929BA71BB4952900857E0D /* SlideMenu-Info.plist in Resources */,
				24929BA01BB4950400857E0D /* Default-568h@2x.png in Resources */,
				240E4DF11BB48F5000E0FBAE /* rightMenu.jpg in Resources */,
				24929BA11BB4950400857E0D /* Default.png in Resources */,
				24929BC01BB4BB0800857E0D /* Home.png in Resources */,
				240E4DD31BB4881C00E0FBAE /* che.png in Resources */,
				24929BBA1BB4B99900857E0D /* profile.png in Resources */,
				24929BBC1BB4BA1700857E0D /* settings.png in Resources */,
				240E4DD41BB4881C00E0FBAE /* Без названия.tiff in Resources */,
				24929BB31BB4B12C00857E0D /* sortirovka.png in Resources */,
				240E4DEE1BB48F5000E0FBAE /* animation.png in Resources */,
				240E4E091BB48F7500E0FBAE /* menu-button.png in Resources */,
				24929BA21BB4950400857E0D /* Default@2x.png in Resources */,
				24929BAD1BB4955E00857E0D /* MainStoryboard_iPad.storyboard in Resources */,
				24929BBE1BB4BA6300857E0D /* favorites.png in Resources */,
				240E4DB81BB4858800E0FBAE /* Images.xcassets in Resources */,
			);
			runOnlyForDeploymentPostprocessing = 0;
		};
		240E4DBE1BB4858800E0FBAE /* Resources */ = {
			isa = PBXResourcesBuildPhase;
			buildActionMask = 2147483647;
			files = (
			);
			runOnlyForDeploymentPostprocessing = 0;
		};
/* End PBXResourcesBuildPhase section */

/* Begin PBXSourcesBuildPhase section */
		240E4DA31BB4858800E0FBAE /* Sources */ = {
			isa = PBXSourcesBuildPhase;
			buildActionMask = 2147483647;
			files = (
				240E4DE41BB48EE100E0FBAE /* FriendsViewController.m in Sources */,
				240E4E061BB48F7500E0FBAE /* SlideNavigationContorllerAnimatorScaleAndFade.m in Sources */,
				240E4DE81BB48EE100E0FBAE /* ProfileViewController.m in Sources */,
				240E4DE91BB48EE100E0FBAE /* RightMenuViewController.m in Sources */,
				240E4E041BB48F7500E0FBAE /* SlideNavigationContorllerAnimatorFade.m in Sources */,
				240E4E081BB48F7500E0FBAE /* SlideNavigationContorllerAnimatorSlideAndFade.m in Sources */,
				24929B9C1BB494EB00857E0D /* AppDelegate.m in Sources */,
				240E4DE51BB48EE100E0FBAE /* HomeViewController.m in Sources */,
				240E4E0B1BB48F7500E0FBAE /* SlideNavigationController.m in Sources */,
				240E4DE71BB48EE100E0FBAE /* ProfileDetailViewController.m in Sources */,
				240E4E051BB48F7500E0FBAE /* SlideNavigationContorllerAnimatorScale.m in Sources */,
				24929BB11BB4B01500857E0D /* NSLeftMenuCell.m in Sources */,
				240E4E071BB48F7500E0FBAE /* SlideNavigationContorllerAnimatorSlide.m in Sources */,
				24929BA61BB4952900857E0D /* main.m in Sources */,
				240E4DE61BB48EE100E0FBAE /* LeftMenuViewController.m in Sources */,
			);
			runOnlyForDeploymentPostprocessing = 0;
		};
		240E4DBC1BB4858800E0FBAE /* Sources */ = {
			isa = PBXSourcesBuildPhase;
			buildActionMask = 2147483647;
			files = (
				240E4DC71BB4858800E0FBAE /* ChePohavatTests.m in Sources */,
			);
			runOnlyForDeploymentPostprocessing = 0;
		};
/* End PBXSourcesBuildPhase section */

/* Begin PBXTargetDependency section */
		240E4DC21BB4858800E0FBAE /* PBXTargetDependency */ = {
			isa = PBXTargetDependency;
			target = 240E4DA61BB4858800E0FBAE /* ChePohavat */;
			targetProxy = 240E4DC11BB4858800E0FBAE /* PBXContainerItemProxy */;
		};
/* End PBXTargetDependency section */

/* Begin PBXVariantGroup section */
		240E4DB91BB4858800E0FBAE /* LaunchScreen.xib */ = {
			isa = PBXVariantGroup;
			children = (
				240E4DBA1BB4858800E0FBAE /* Base */,
			);
			name = LaunchScreen.xib;
			sourceTree = "<group>";
		};
/* End PBXVariantGroup section */

/* Begin XCBuildConfiguration section */
		240E4DC81BB4858800E0FBAE /* Debug */ = {
			isa = XCBuildConfiguration;
			buildSettings = {
				ALWAYS_SEARCH_USER_PATHS = NO;
				CLANG_CXX_LANGUAGE_STANDARD = "gnu++0x";
				CLANG_CXX_LIBRARY = "libc++";
				CLANG_ENABLE_MODULES = YES;
				CLANG_ENABLE_OBJC_ARC = YES;
				CLANG_WARN_BOOL_CONVERSION = YES;
				CLANG_WARN_CONSTANT_CONVERSION = YES;
				CLANG_WARN_DIRECT_OBJC_ISA_USAGE = YES_ERROR;
				CLANG_WARN_EMPTY_BODY = YES;
				CLANG_WARN_ENUM_CONVERSION = YES;
				CLANG_WARN_INT_CONVERSION = YES;
				CLANG_WARN_OBJC_ROOT_CLASS = YES_ERROR;
				CLANG_WARN_UNREACHABLE_CODE = YES;
				CLANG_WARN__DUPLICATE_METHOD_MATCH = YES;
				"CODE_SIGN_IDENTITY[sdk=iphoneos*]" = "iPhone Developer";
				COPY_PHASE_STRIP = NO;
				DEBUG_INFORMATION_FORMAT = "dwarf-with-dsym";
				ENABLE_STRICT_OBJC_MSGSEND = YES;
				GCC_C_LANGUAGE_STANDARD = gnu99;
				GCC_DYNAMIC_NO_PIC = NO;
				GCC_NO_COMMON_BLOCKS = YES;
				GCC_OPTIMIZATION_LEVEL = 0;
				GCC_PREPROCESSOR_DEFINITIONS = (
					"DEBUG=1",
					"$(inherited)",
				);
				GCC_SYMBOLS_PRIVATE_EXTERN = NO;
				GCC_WARN_64_TO_32_BIT_CONVERSION = YES;
				GCC_WARN_ABOUT_RETURN_TYPE = YES_ERROR;
				GCC_WARN_UNDECLARED_SELECTOR = YES;
				GCC_WARN_UNINITIALIZED_AUTOS = YES_AGGRESSIVE;
				GCC_WARN_UNUSED_FUNCTION = YES;
				GCC_WARN_UNUSED_VARIABLE = YES;
				IPHONEOS_DEPLOYMENT_TARGET = 8.3;
				MTL_ENABLE_DEBUG_INFO = YES;
				ONLY_ACTIVE_ARCH = YES;
				SDKROOT = iphoneos;
				TARGETED_DEVICE_FAMILY = "1,2";
			};
			name = Debug;
		};
		240E4DC91BB4858800E0FBAE /* Release */ = {
			isa = XCBuildConfiguration;
			buildSettings = {
				ALWAYS_SEARCH_USER_PATHS = NO;
				CLANG_CXX_LANGUAGE_STANDARD = "gnu++0x";
				CLANG_CXX_LIBRARY = "libc++";
				CLANG_ENABLE_MODULES = YES;
				CLANG_ENABLE_OBJC_ARC = YES;
				CLANG_WARN_BOOL_CONVERSION = YES;
				CLANG_WARN_CONSTANT_CONVERSION = YES;
				CLANG_WARN_DIRECT_OBJC_ISA_USAGE = YES_ERROR;
				CLANG_WARN_EMPTY_BODY = YES;
				CLANG_WARN_ENUM_CONVERSION = YES;
				CLANG_WARN_INT_CONVERSION = YES;
				CLANG_WARN_OBJC_ROOT_CLASS = YES_ERROR;
				CLANG_WARN_UNREACHABLE_CODE = YES;
				CLANG_WARN__DUPLICATE_METHOD_MATCH = YES;
				"CODE_SIGN_IDENTITY[sdk=iphoneos*]" = "iPhone Developer";
				COPY_PHASE_STRIP = NO;
				DEBUG_INFORMATION_FORMAT = "dwarf-with-dsym";
				ENABLE_NS_ASSERTIONS = NO;
				ENABLE_STRICT_OBJC_MSGSEND = YES;
				GCC_C_LANGUAGE_STANDARD = gnu99;
				GCC_NO_COMMON_BLOCKS = YES;
				GCC_WARN_64_TO_32_BIT_CONVERSION = YES;
				GCC_WARN_ABOUT_RETURN_TYPE = YES_ERROR;
				GCC_WARN_UNDECLARED_SELECTOR = YES;
				GCC_WARN_UNINITIALIZED_AUTOS = YES_AGGRESSIVE;
				GCC_WARN_UNUSED_FUNCTION = YES;
				GCC_WARN_UNUSED_VARIABLE = YES;
				IPHONEOS_DEPLOYMENT_TARGET = 8.3;
				MTL_ENABLE_DEBUG_INFO = NO;
				SDKROOT = iphoneos;
				TARGETED_DEVICE_FAMILY = "1,2";
				VALIDATE_PRODUCT = YES;
			};
			name = Release;
		};
		240E4DCB1BB4858800E0FBAE /* Debug */ = {
			isa = XCBuildConfiguration;
			buildSettings = {
				ASSETCATALOG_COMPILER_APPICON_NAME = AppIcon;
				INFOPLIST_FILE = "$(SRCROOT)/ChePohavat/SlideMenu-Info.plist";
				LD_RUNPATH_SEARCH_PATHS = "$(inherited) @executable_path/Frameworks";
				PRODUCT_NAME = "$(TARGET_NAME)";
			};
			name = Debug;
		};
		240E4DCC1BB4858800E0FBAE /* Release */ = {
			isa = XCBuildConfiguration;
			buildSettings = {
				ASSETCATALOG_COMPILER_APPICON_NAME = AppIcon;
				INFOPLIST_FILE = "$(SRCROOT)/ChePohavat/SlideMenu-Info.plist";
				LD_RUNPATH_SEARCH_PATHS = "$(inherited) @executable_path/Frameworks";
				PRODUCT_NAME = "$(TARGET_NAME)";
			};
			name = Release;
		};
		240E4DCE1BB4858800E0FBAE /* Debug */ = {
			isa = XCBuildConfiguration;
			buildSettings = {
				BUNDLE_LOADER = "$(TEST_HOST)";
				FRAMEWORK_SEARCH_PATHS = (
					"$(SDKROOT)/Developer/Library/Frameworks",
					"$(inherited)",
				);
				GCC_PREPROCESSOR_DEFINITIONS = (
					"DEBUG=1",
					"$(inherited)",
				);
				INFOPLIST_FILE = ChePohavatTests/Info.plist;
				LD_RUNPATH_SEARCH_PATHS = "$(inherited) @executable_path/Frameworks @loader_path/Frameworks";
				PRODUCT_NAME = "$(TARGET_NAME)";
				TEST_HOST = "$(BUILT_PRODUCTS_DIR)/ChePohavat.app/ChePohavat";
			};
			name = Debug;
		};
		240E4DCF1BB4858800E0FBAE /* Release */ = {
			isa = XCBuildConfiguration;
			buildSettings = {
				BUNDLE_LOADER = "$(TEST_HOST)";
				FRAMEWORK_SEARCH_PATHS = (
					"$(SDKROOT)/Developer/Library/Frameworks",
					"$(inherited)",
				);
				INFOPLIST_FILE = ChePohavatTests/Info.plist;
				LD_RUNPATH_SEARCH_PATHS = "$(inherited) @executable_path/Frameworks @loader_path/Frameworks";
				PRODUCT_NAME = "$(TARGET_NAME)";
				TEST_HOST = "$(BUILT_PRODUCTS_DIR)/ChePohavat.app/ChePohavat";
			};
			name = Release;
		};
/* End XCBuildConfiguration section */

/* Begin XCConfigurationList section */
		240E4DA21BB4858800E0FBAE /* Build configuration list for PBXProject "ChePohavat" */ = {
			isa = XCConfigurationList;
			buildConfigurations = (
				240E4DC81BB4858800E0FBAE /* Debug */,
				240E4DC91BB4858800E0FBAE /* Release */,
			);
			defaultConfigurationIsVisible = 0;
			defaultConfigurationName = Release;
		};
		240E4DCA1BB4858800E0FBAE /* Build configuration list for PBXNativeTarget "ChePohavat" */ = {
			isa = XCConfigurationList;
			buildConfigurations = (
				240E4DCB1BB4858800E0FBAE /* Debug */,
				240E4DCC1BB4858800E0FBAE /* Release */,
			);
			defaultConfigurationIsVisible = 0;
			defaultConfigurationName = Release;
		};
		240E4DCD1BB4858800E0FBAE /* Build configuration list for PBXNativeTarget "ChePohavatTests" */ = {
			isa = XCConfigurationList;
			buildConfigurations = (
				240E4DCE1BB4858800E0FBAE /* Debug */,
				240E4DCF1BB4858800E0FBAE /* Release */,
			);
			defaultConfigurationIsVisible = 0;
			defaultConfigurationName = Release;
		};
/* End XCConfigurationList section */
	};
	rootObject = 240E4D9F1BB4858800E0FBAE /* Project object */;
}
